
Microsoft Visual Studio Solution File, Format Version 12.00
# Visual Studio Version 17
VisualStudioVersion = 17.9.34701.34
MinimumVisualStudioVersion = 10.0.40219.1
Project("{9A19103F-16F7-4668-BE54-9A1E7A4F7556}") = "CK_Website_2024", "CK_Website_2024.csproj", "{B172B08F-1E2F-42EC-8E60-5A34AA06855A}"
EndProject
Global
	GlobalSection(SolutionConfigurationPlatforms) = preSolution
		Debug|Any CPU = Debug|Any CPU
		Release|Any CPU = Release|Any CPU
	EndGlobalSection
	GlobalSection(ProjectConfigurationPlatforms) = postSolution
		{B172B08F-1E2F-42EC-8E60-5A34AA06855A}.Debug|Any CPU.ActiveCfg = Debug|Any CPU
		{B172B08F-1E2F-42EC-8E60-5A34AA06855A}.Debug|Any CPU.Build.0 = Debug|Any CPU
		{B172B08F-1E2F-42EC-8E60-5A34AA06855A}.Release|Any CPU.ActiveCfg = Release|Any CPU
		{B172B08F-1E2F-42EC-8E60-5A34AA06855A}.Release|Any CPU.Build.0 = Release|Any CPU
	EndGlobalSection
	GlobalSection(SolutionProperties) = preSolution
		HideSolutionNode = FALSE
	EndGlobalSection
	GlobalSection(ExtensibilityGlobals) = postSolution
		SolutionGuid = {2D5E34A8-949F-441A-AD1A-CA57195E6043}
	EndGlobalSection
EndGlobal
